// !$*UTF8*$!
{
	archiveVersion = 1;
	classes = {
	};
	objectVersion = 55;
	objects = {

/* Begin PBXBuildFile section */
		443A57F728D1B91500014AAC /* titlesCollectionViewCell.swift in Sources */ = {isa = PBXBuildFile; fileRef = 443A57F628D1B91500014AAC /* titlesCollectionViewCell.swift */; };
		443A57F928D1BE6400014AAC /* movieTitles.swift in Sources */ = {isa = PBXBuildFile; fileRef = 443A57F828D1BE6400014AAC /* movieTitles.swift */; };
		44805AA028C783E0008BBF91 /* AppDelegate.swift in Sources */ = {isa = PBXBuildFile; fileRef = 44805A9F28C783E0008BBF91 /* AppDelegate.swift */; };
		44805AA228C783E0008BBF91 /* SceneDelegate.swift in Sources */ = {isa = PBXBuildFile; fileRef = 44805AA128C783E0008BBF91 /* SceneDelegate.swift */; };
		44805AA428C783E0008BBF91 /* ViewController.swift in Sources */ = {isa = PBXBuildFile; fileRef = 44805AA328C783E0008BBF91 /* ViewController.swift */; };
		44805AA728C783E1008BBF91 /* Main.storyboard in Resources */ = {isa = PBXBuildFile; fileRef = 44805AA528C783E1008BBF91 /* Main.storyboard */; };
		44805AA928C783E3008BBF91 /* Assets.xcassets in Resources */ = {isa = PBXBuildFile; fileRef = 44805AA828C783E3008BBF91 /* Assets.xcassets */; };
		44805AAC28C783E3008BBF91 /* LaunchScreen.storyboard in Resources */ = {isa = PBXBuildFile; fileRef = 44805AAA28C783E3008BBF91 /* LaunchScreen.storyboard */; };
		44805AB828C896EA008BBF91 /* HubsCollectionViewCell.swift in Sources */ = {isa = PBXBuildFile; fileRef = 44805AB728C896EA008BBF91 /* HubsCollectionViewCell.swift */; };
		44E65C8528C9F18D00A2837D /* feedsTableViewCell.swift in Sources */ = {isa = PBXBuildFile; fileRef = 44E65C8428C9F18D00A2837D /* feedsTableViewCell.swift */; };
		44EDC70128DC439B00DA5DA8 /* sampleJSON.json in Resources */ = {isa = PBXBuildFile; fileRef = 44EDC70028DC439B00DA5DA8 /* sampleJSON.json */; };
		44EDC70528E2CC1400DA5DA8 /* Hubs.swift in Sources */ = {isa = PBXBuildFile; fileRef = 44EDC70428E2CC1400DA5DA8 /* Hubs.swift */; };
		44EDC70728E2CC4D00DA5DA8 /* HData.swift in Sources */ = {isa = PBXBuildFile; fileRef = 44EDC70628E2CC4D00DA5DA8 /* HData.swift */; };
		44EDC70928E2CC8600DA5DA8 /* titles.swift in Sources */ = {isa = PBXBuildFile; fileRef = 44EDC70828E2CC8600DA5DA8 /* titles.swift */; };
/* End PBXBuildFile section */

/* Begin PBXFileReference section */
		443A57F628D1B91500014AAC /* titlesCollectionViewCell.swift */ = {isa = PBXFileReference; lastKnownFileType = sourcecode.swift; path = titlesCollectionViewCell.swift; sourceTree = "<group>"; };
		443A57F828D1BE6400014AAC /* movieTitles.swift */ = {isa = PBXFileReference; lastKnownFileType = sourcecode.swift; path = movieTitles.swift; sourceTree = "<group>"; };
		44805A9C28C783E0008BBF91 /* Shells UI.app */ = {isa = PBXFileReference; explicitFileType = wrapper.application; includeInIndex = 0; path = "Shells UI.app"; sourceTree = BUILT_PRODUCTS_DIR; };
		44805A9F28C783E0008BBF91 /* AppDelegate.swift */ = {isa = PBXFileReference; lastKnownFileType = sourcecode.swift; path = AppDelegate.swift; sourceTree = "<group>"; };
		44805AA128C783E0008BBF91 /* SceneDelegate.swift */ = {isa = PBXFileReference; lastKnownFileType = sourcecode.swift; path = SceneDelegate.swift; sourceTree = "<group>"; };
		44805AA328C783E0008BBF91 /* ViewController.swift */ = {isa = PBXFileReference; lastKnownFileType = sourcecode.swift; path = ViewController.swift; sourceTree = "<group>"; };
		44805AA628C783E1008BBF91 /* Base */ = {isa = PBXFileReference; lastKnownFileType = file.storyboard; name = Base; path = Base.lproj/Main.storyboard; sourceTree = "<group>"; };
		44805AA828C783E3008BBF91 /* Assets.xcassets */ = {isa = PBXFileReference; lastKnownFileType = folder.assetcatalog; path = Assets.xcassets; sourceTree = "<group>"; };
		44805AAB28C783E3008BBF91 /* Base */ = {isa = PBXFileReference; lastKnownFileType = file.storyboard; name = Base; path = Base.lproj/LaunchScreen.storyboard; sourceTree = "<group>"; };
		44805AAD28C783E3008BBF91 /* Info.plist */ = {isa = PBXFileReference; lastKnownFileType = text.plist.xml; path = Info.plist; sourceTree = "<group>"; };
		44805AB728C896EA008BBF91 /* HubsCollectionViewCell.swift */ = {isa = PBXFileReference; lastKnownFileType = sourcecode.swift; path = HubsCollectionViewCell.swift; sourceTree = "<group>"; };
		44E65C8428C9F18D00A2837D /* feedsTableViewCell.swift */ = {isa = PBXFileReference; lastKnownFileType = sourcecode.swift; path = feedsTableViewCell.swift; sourceTree = "<group>"; };
		44EDC70028DC439B00DA5DA8 /* sampleJSON.json */ = {isa = PBXFileReference; lastKnownFileType = text.json; path = sampleJSON.json; sourceTree = "<group>"; };
		44EDC70428E2CC1400DA5DA8 /* Hubs.swift */ = {isa = PBXFileReference; lastKnownFileType = sourcecode.swift; path = Hubs.swift; sourceTree = "<group>"; };
		44EDC70628E2CC4D00DA5DA8 /* HData.swift */ = {isa = PBXFileReference; lastKnownFileType = sourcecode.swift; path = HData.swift; sourceTree = "<group>"; };
		44EDC70828E2CC8600DA5DA8 /* titles.swift */ = {isa = PBXFileReference; lastKnownFileType = sourcecode.swift; path = titles.swift; sourceTree = "<group>"; };
/* End PBXFileReference section */

/* Begin PBXFrameworksBuildPhase section */
		44805A9928C783E0008BBF91 /* Frameworks */ = {
			isa = PBXFrameworksBuildPhase;
			buildActionMask = 2147483647;
			files = (
			);
			runOnlyForDeploymentPostprocessing = 0;
		};
/* End PBXFrameworksBuildPhase section */

/* Begin PBXGroup section */
		44805A9328C783E0008BBF91 = {
			isa = PBXGroup;
			children = (
				44805A9E28C783E0008BBF91 /* Shells UI */,
				44805A9D28C783E0008BBF91 /* Products */,
			);
			sourceTree = "<group>";
		};
		44805A9D28C783E0008BBF91 /* Products */ = {
			isa = PBXGroup;
			children = (
				44805A9C28C783E0008BBF91 /* Shells UI.app */,
			);
			name = Products;
			sourceTree = "<group>";
		};
		44805A9E28C783E0008BBF91 /* Shells UI */ = {
			isa = PBXGroup;
			children = (
				44805A9F28C783E0008BBF91 /* AppDelegate.swift */,
				44805AA128C783E0008BBF91 /* SceneDelegate.swift */,
				44805AA328C783E0008BBF91 /* ViewController.swift */,
				44805AB728C896EA008BBF91 /* HubsCollectionViewCell.swift */,
				44E65C8428C9F18D00A2837D /* feedsTableViewCell.swift */,
				443A57F628D1B91500014AAC /* titlesCollectionViewCell.swift */,
				44EDC70028DC439B00DA5DA8 /* sampleJSON.json */,
				44EDC70428E2CC1400DA5DA8 /* Hubs.swift */,
				44EDC70628E2CC4D00DA5DA8 /* HData.swift */,
				44EDC70828E2CC8600DA5DA8 /* titles.swift */,
				44805AA528C783E1008BBF91 /* Main.storyboard */,
				44805AA828C783E3008BBF91 /* Assets.xcassets */,
				44805AAA28C783E3008BBF91 /* LaunchScreen.storyboard */,
				44805AAD28C783E3008BBF91 /* Info.plist */,
				443A57F828D1BE6400014AAC /* movieTitles.swift */,
			);
			path = "Shells UI";
			sourceTree = "<group>";
		};
/* End PBXGroup section */

/* Begin PBXNativeTarget section */
		44805A9B28C783E0008BBF91 /* Shells UI */ = {
			isa = PBXNativeTarget;
			buildConfigurationList = 44805AB028C783E3008BBF91 /* Build configuration list for PBXNativeTarget "Shells UI" */;
			buildPhases = (
				44805A9828C783E0008BBF91 /* Sources */,
				44805A9928C783E0008BBF91 /* Frameworks */,
				44805A9A28C783E0008BBF91 /* Resources */,
			);
			buildRules = (
			);
			dependencies = (
			);
			name = "Shells UI";
			productName = "Shells UI";
			productReference = 44805A9C28C783E0008BBF91 /* Shells UI.app */;
			productType = "com.apple.product-type.application";
		};
/* End PBXNativeTarget section */

/* Begin PBXProject section */
		44805A9428C783E0008BBF91 /* Project object */ = {
			isa = PBXProject;
			attributes = {
				BuildIndependentTargetsInParallel = 1;
				LastSwiftUpdateCheck = 1340;
				LastUpgradeCheck = 1340;
				TargetAttributes = {
					44805A9B28C783E0008BBF91 = {
						CreatedOnToolsVersion = 13.4.1;
					};
				};
			};
			buildConfigurationList = 44805A9728C783E0008BBF91 /* Build configuration list for PBXProject "Shells UI" */;
			compatibilityVersion = "Xcode 13.0";
			developmentRegion = en;
			hasScannedForEncodings = 0;
			knownRegions = (
				en,
				Base,
			);
			mainGroup = 44805A9328C783E0008BBF91;
			productRefGroup = 44805A9D28C783E0008BBF91 /* Products */;
			projectDirPath = "";
			projectRoot = "";
			targets = (
				44805A9B28C783E0008BBF91 /* Shells UI */,
			);
		};
/* End PBXProject section */

/* Begin PBXResourcesBuildPhase section */
		44805A9A28C783E0008BBF91 /* Resources */ = {
			isa = PBXResourcesBuildPhase;
			buildActionMask = 2147483647;
			files = (
				44805AAC28C783E3008BBF91 /* LaunchScreen.storyboard in Resources */,
				44805AA928C783E3008BBF91 /* Assets.xcassets in Resources */,
				44805AA728C783E1008BBF91 /* Main.storyboard in Resources */,
				44EDC70128DC439B00DA5DA8 /* sampleJSON.json in Resources */,
			);
			runOnlyForDeploymentPostprocessing = 0;
		};
/* End PBXResourcesBuildPhase section */

/* Begin PBXSourcesBuildPhase section */
		44805A9828C783E0008BBF91 /* Sources */ = {
			isa = PBXSourcesBuildPhase;
			buildActionMask = 2147483647;
			files = (
				44EDC70928E2CC8600DA5DA8 /* titles.swift in Sources */,
				44805AA428C783E0008BBF91 /* ViewController.swift in Sources */,
				443A57F728D1B91500014AAC /* titlesCollectionViewCell.swift in Sources */,
				44EDC70728E2CC4D00DA5DA8 /* HData.swift in Sources */,
				443A57F928D1BE6400014AAC /* movieTitles.swift in Sources */,
				44805AA028C783E0008BBF91 /* AppDelegate.swift in Sources */,
				44805AA228C783E0008BBF91 /* SceneDelegate.swift in Sources */,
				44E65C8528C9F18D00A2837D /* feedsTableViewCell.swift in Sources */,
				44805AB828C896EA008BBF91 /* HubsCollectionViewCell.swift in Sources */,
				44EDC70528E2CC1400DA5DA8 /* Hubs.swift in Sources */,
			);
			runOnlyForDeploymentPostprocessing = 0;
		};
/* End PBXSourcesBuildPhase section */

/* Begin PBXVariantGroup section */
		44805AA528C783E1008BBF91 /* Main.storyboard */ = {
			isa = PBXVariantGroup;
			children = (
				44805AA628C783E1008BBF91 /* Base */,
			);
			name = Main.storyboard;
			sourceTree = "<group>";
		};
		44805AAA28C783E3008BBF91 /* LaunchScreen.storyboard */ = {
			isa = PBXVariantGroup;
			children = (
				44805AAB28C783E3008BBF91 /* Base */,
			);
			name = LaunchScreen.storyboard;
			sourceTree = "<group>";
		};
/* End PBXVariantGroup section */

/* Begin XCBuildConfiguration section */
		44805AAE28C783E3008BBF91 /* Debug */ = {
			isa = XCBuildConfiguration;
			buildSettings = {
				ALWAYS_SEARCH_USER_PATHS = NO;
				CLANG_ANALYZER_NONNULL = YES;
				CLANG_ANALYZER_NUMBER_OBJECT_CONVERSION = YES_AGGRESSIVE;
				CLANG_CXX_LANGUAGE_STANDARD = "gnu++17";
				CLANG_ENABLE_MODULES = YES;
				CLANG_ENABLE_OBJC_ARC = YES;
				CLANG_ENABLE_OBJC_WEAK = YES;
				CLANG_WARN_BLOCK_CAPTURE_AUTORELEASING = YES;
				CLANG_WARN_BOOL_CONVERSION = YES;
				CLANG_WARN_COMMA = YES;
				CLANG_WARN_CONSTANT_CONVERSION = YES;
				CLANG_WARN_DEPRECATED_OBJC_IMPLEMENTATIONS = YES;
				CLANG_WARN_DIRECT_OBJC_ISA_USAGE = YES_ERROR;
				CLANG_WARN_DOCUMENTATION_COMMENTS = YES;
				CLANG_WARN_EMPTY_BODY = YES;
				CLANG_WARN_ENUM_CONVERSION = YES;
				CLANG_WARN_INFINITE_RECURSION = YES;
				CLANG_WARN_INT_CONVERSION = YES;
				CLANG_WARN_NON_LITERAL_NULL_CONVERSION = YES;
				CLANG_WARN_OBJC_IMPLICIT_RETAIN_SELF = YES;
				CLANG_WARN_OBJC_LITERAL_CONVERSION = YES;
				CLANG_WARN_OBJC_ROOT_CLASS = YES_ERROR;
				CLANG_WARN_QUOTED_INCLUDE_IN_FRAMEWORK_HEADER = YES;
				CLANG_WARN_RANGE_LOOP_ANALYSIS = YES;
				CLANG_WARN_STRICT_PROTOTYPES = YES;
				CLANG_WARN_SUSPICIOUS_MOVE = YES;
				CLANG_WARN_UNGUARDED_AVAILABILITY = YES_AGGRESSIVE;
				CLANG_WARN_UNREACHABLE_CODE = YES;
				CLANG_WARN__DUPLICATE_METHOD_MATCH = YES;
				COPY_PHASE_STRIP = NO;
				DEBUG_INFORMATION_FORMAT = dwarf;
				ENABLE_STRICT_OBJC_MSGSEND = YES;
				ENABLE_TESTABILITY = YES;
				GCC_C_LANGUAGE_STANDARD = gnu11;
				GCC_DYNAMIC_NO_PIC = NO;
				GCC_NO_COMMON_BLOCKS = YES;
				GCC_OPTIMIZATION_LEVEL = 0;
				GCC_PREPROCESSOR_DEFINITIONS = (
					"DEBUG=1",
					"$(inherited)",
				);
				GCC_WARN_64_TO_32_BIT_CONVERSION = YES;
				GCC_WARN_ABOUT_RETURN_TYPE = YES_ERROR;
				GCC_WARN_UNDECLARED_SELECTOR = YES;
				GCC_WARN_UNINITIALIZED_AUTOS = YES_AGGRESSIVE;
				GCC_WARN_UNUSED_FUNCTION = YES;
				GCC_WARN_UNUSED_VARIABLE = YES;
				IPHONEOS_DEPLOYMENT_TARGET = 15.5;
				MTL_ENABLE_DEBUG_INFO = INCLUDE_SOURCE;
				MTL_FAST_MATH = YES;
				ONLY_ACTIVE_ARCH = YES;
				SDKROOT = iphoneos;
				SWIFT_ACTIVE_COMPILATION_CONDITIONS = DEBUG;
				SWIFT_OPTIMIZATION_LEVEL = "-Onone";
			};
			name = Debug;
		};
		44805AAF28C783E3008BBF91 /* Release */ = {
			isa = XCBuildConfiguration;
			buildSettings = {
				ALWAYS_SEARCH_USER_PATHS = NO;
				CLANG_ANALYZER_NONNULL = YES;
				CLANG_ANALYZER_NUMBER_OBJECT_CONVERSION = YES_AGGRESSIVE;
				CLANG_CXX_LANGUAGE_STANDARD = "gnu++17";
				CLANG_ENABLE_MODULES = YES;
				CLANG_ENABLE_OBJC_ARC = YES;
				CLANG_ENABLE_OBJC_WEAK = YES;
				CLANG_WARN_BLOCK_CAPTURE_AUTORELEASING = YES;
				CLANG_WARN_BOOL_CONVERSION = YES;
				CLANG_WARN_COMMA = YES;
				CLANG_WARN_CONSTANT_CONVERSION = YES;
				CLANG_WARN_DEPRECATED_OBJC_IMPLEMENTATIONS = YES;
				CLANG_WARN_DIRECT_OBJC_ISA_USAGE = YES_ERROR;
				CLANG_WARN_DOCUMENTATION_COMMENTS = YES;
				CLANG_WARN_EMPTY_BODY = YES;
				CLANG_WARN_ENUM_CONVERSION = YES;
				CLANG_WARN_INFINITE_RECURSION = YES;
				CLANG_WARN_INT_CONVERSION = YES;
				CLANG_WARN_NON_LITERAL_NULL_CONVERSION = YES;
				CLANG_WARN_OBJC_IMPLICIT_RETAIN_SELF = YES;
				CLANG_WARN_OBJC_LITERAL_CONVERSION = YES;
				CLANG_WARN_OBJC_ROOT_CLASS = YES_ERROR;
				CLANG_WARN_QUOTED_INCLUDE_IN_FRAMEWORK_HEADER = YES;
				CLANG_WARN_RANGE_LOOP_ANALYSIS = YES;
				CLANG_WARN_STRICT_PROTOTYPES = YES;
				CLANG_WARN_SUSPICIOUS_MOVE = YES;
				CLANG_WARN_UNGUARDED_AVAILABILITY = YES_AGGRESSIVE;
				CLANG_WARN_UNREACHABLE_CODE = YES;
				CLANG_WARN__DUPLICATE_METHOD_MATCH = YES;
				COPY_PHASE_STRIP = NO;
				DEBUG_INFORMATION_FORMAT = "dwarf-with-dsym";
				ENABLE_NS_ASSERTIONS = NO;
				ENABLE_STRICT_OBJC_MSGSEND = YES;
				GCC_C_LANGUAGE_STANDARD = gnu11;
				GCC_NO_COMMON_BLOCKS = YES;
				GCC_WARN_64_TO_32_BIT_CONVERSION = YES;
				GCC_WARN_ABOUT_RETURN_TYPE = YES_ERROR;
				GCC_WARN_UNDECLARED_SELECTOR = YES;
				GCC_WARN_UNINITIALIZED_AUTOS = YES_AGGRESSIVE;
				GCC_WARN_UNUSED_FUNCTION = YES;
				GCC_WARN_UNUSED_VARIABLE = YES;
				IPHONEOS_DEPLOYMENT_TARGET = 15.5;
				MTL_ENABLE_DEBUG_INFO = NO;
				MTL_FAST_MATH = YES;
				SDKROOT = iphoneos;
				SWIFT_COMPILATION_MODE = wholemodule;
				SWIFT_OPTIMIZATION_LEVEL = "-O";
				VALIDATE_PRODUCT = YES;
			};
			name = Release;
		};
		44805AB128C783E3008BBF91 /* Debug */ = {
			isa = XCBuildConfiguration;
			buildSettings = {
				ASSETCATALOG_COMPILER_APPICON_NAME = AppIcon;
				ASSETCATALOG_COMPILER_GLOBAL_ACCENT_COLOR_NAME = AccentColor;
				CODE_SIGN_STYLE = Automatic;
				CURRENT_PROJECT_VERSION = 1;
				DEVELOPMENT_TEAM = Y6TVXWHZRK;
				GENERATE_INFOPLIST_FILE = YES;
				INFOPLIST_FILE = "Shells UI/Info.plist";
				INFOPLIST_KEY_UIApplicationSupportsIndirectInputEvents = YES;
				INFOPLIST_KEY_UILaunchStoryboardName = LaunchScreen;
				INFOPLIST_KEY_UIMainStoryboardFile = Main;
				INFOPLIST_KEY_UISupportedInterfaceOrientations_iPad = "UIInterfaceOrientationPortrait UIInterfaceOrientationPortraitUpsideDown UIInterfaceOrientationLandscapeLeft UIInterfaceOrientationLandscapeRight";
				INFOPLIST_KEY_UISupportedInterfaceOrientations_iPhone = "UIInterfaceOrientationPortrait UIInterfaceOrientationLandscapeLeft UIInterfaceOrientationLandscapeRight";
				LD_RUNPATH_SEARCH_PATHS = (
					"$(inherited)",
					"@executable_path/Frameworks",
				);
				MARKETING_VERSION = 1.0;
				PRODUCT_BUNDLE_IDENTIFIER = "com.mediakind.helloworld.Shells-UI";
				PRODUCT_NAME = "$(TARGET_NAME)";
				SWIFT_EMIT_LOC_STRINGS = YES;
				SWIFT_VERSION = 5.0;
				TARGETED_DEVICE_FAMILY = "1,2";
			};
			name = Debug;
		};
		44805AB228C783E3008BBF91 /* Release */ = {
			isa = XCBuildConfiguration;
			buildSettings = {
				ASSETCATALOG_COMPILER_APPICON_NAME = AppIcon;
				ASSETCATALOG_COMPILER_GLOBAL_ACCENT_COLOR_NAME = AccentColor;
				CODE_SIGN_STYLE = Automatic;
				CURRENT_PROJECT_VERSION = 1;
				DEVELOPMENT_TEAM = Y6TVXWHZRK;
				GENERATE_INFOPLIST_FILE = YES;
				INFOPLIST_FILE = "Shells UI/Info.plist";
				INFOPLIST_KEY_UIApplicationSupportsIndirectInputEvents = YES;
				INFOPLIST_KEY_UILaunchStoryboardName = LaunchScreen;
				INFOPLIST_KEY_UIMainStoryboardFile = Main;
				INFOPLIST_KEY_UISupportedInterfaceOrientations_iPad = "UIInterfaceOrientationPortrait UIInterfaceOrientationPortraitUpsideDown UIInterfaceOrientationLandscapeLeft UIInterfaceOrientationLandscapeRight";
				INFOPLIST_KEY_UISupportedInterfaceOrientations_iPhone = "UIInterfaceOrientationPortrait UIInterfaceOrientationLandscapeLeft UIInterfaceOrientationLandscapeRight";
				LD_RUNPATH_SEARCH_PATHS = (
					"$(inherited)",
					"@executable_path/Frameworks",
				);
				MARKETING_VERSION = 1.0;
				PRODUCT_BUNDLE_IDENTIFIER = "com.mediakind.helloworld.Shells-UI";
				PRODUCT_NAME = "$(TARGET_NAME)";
				SWIFT_EMIT_LOC_STRINGS = YES;
				SWIFT_VERSION = 5.0;
				TARGETED_DEVICE_FAMILY = "1,2";
			};
			name = Release;
		};
/* End XCBuildConfiguration section */

/* Begin XCConfigurationList section */
		44805A9728C783E0008BBF91 /* Build configuration list for PBXProject "Shells UI" */ = {
			isa = XCConfigurationList;
			buildConfigurations = (
				44805AAE28C783E3008BBF91 /* Debug */,
				44805AAF28C783E3008BBF91 /* Release */,
			);
			defaultConfigurationIsVisible = 0;
			defaultConfigurationName = Release;
		};
		44805AB028C783E3008BBF91 /* Build configuration list for PBXNativeTarget "Shells UI" */ = {
			isa = XCConfigurationList;
			buildConfigurations = (
				44805AB128C783E3008BBF91 /* Debug */,
				44805AB228C783E3008BBF91 /* Release */,
			);
			defaultConfigurationIsVisible = 0;
			defaultConfigurationName = Release;
		};
/* End XCConfigurationList section */
	};
	rootObject = 44805A9428C783E0008BBF91 /* Project object */;
}
